
Microsoft Visual Studio Solution File, Format Version 12.00
# Visual Studio 15
VisualStudioVersion = 15.0.28010.2048
MinimumVisualStudioVersion = 10.0.40219.1
Project("{FAE04EC0-301F-11D3-BF4B-00C04F79EFBC}") = "rake-web-api", "rake-web-api\rake-web-api.csproj", "{FF0ECC02-FBF3-4D84-9190-C7E701A6BA05}"
EndProject
Project("{FAE04EC0-301F-11D3-BF4B-00C04F79EFBC}") = "rake-lib", "rake-lib\rake-lib.csproj", "{97DB275D-E6F4-4F0F-B50B-239D4D5C151F}"
EndProject
Project("{2150E333-8FDC-42A3-9474-1A3956D46DE8}") = "Solution Items", "Solution Items", "{5B3E6610-5315-45F5-A11E-7824C1D2CE8F}"
	ProjectSection(SolutionItems) = preProject
		README.md = README.md
	EndProjectSection
EndProject
Global
	GlobalSection(SolutionConfigurationPlatforms) = preSolution
		Debug|Any CPU = Debug|Any CPU
		Release|Any CPU = Release|Any CPU
	EndGlobalSection
	GlobalSection(ProjectConfigurationPlatforms) = postSolution
		{FF0ECC02-FBF3-4D84-9190-C7E701A6BA05}.Debug|Any CPU.ActiveCfg = Debug|Any CPU
		{FF0ECC02-FBF3-4D84-9190-C7E701A6BA05}.Debug|Any CPU.Build.0 = Debug|Any CPU
		{FF0ECC02-FBF3-4D84-9190-C7E701A6BA05}.Release|Any CPU.ActiveCfg = Release|Any CPU
		{FF0ECC02-FBF3-4D84-9190-C7E701A6BA05}.Release|Any CPU.Build.0 = Release|Any CPU
		{97DB275D-E6F4-4F0F-B50B-239D4D5C151F}.Debug|Any CPU.ActiveCfg = Debug|Any CPU
		{97DB275D-E6F4-4F0F-B50B-239D4D5C151F}.Debug|Any CPU.Build.0 = Debug|Any CPU
		{97DB275D-E6F4-4F0F-B50B-239D4D5C151F}.Release|Any CPU.ActiveCfg = Release|Any CPU
		{97DB275D-E6F4-4F0F-B50B-239D4D5C151F}.Release|Any CPU.Build.0 = Release|Any CPU
	EndGlobalSection
	GlobalSection(SolutionProperties) = preSolution
		HideSolutionNode = FALSE
	EndGlobalSection
	GlobalSection(ExtensibilityGlobals) = postSolution
		SolutionGuid = {1B5599FC-ED20-411E-9A7B-EC7FF11A19F0}
	EndGlobalSection
EndGlobal
